{
    "_readme": [
        "This file locks the dependencies of your project to a known state",
        "Read more about it at https://getcomposer.org/doc/01-basic-usage.md#composer-lock-the-lock-file",
        "This file is @generated automatically"
    ],
    "content-hash": "20c9a436b476ae2432115bf624e62a36",
    "packages": [
        {
            "name": "matthewslouismarie/lm-web-framework",
            "version": "dev-master",
            "source": {
                "type": "git",
                "url": "C:\\Users\\louis_000\\fichiers_pas_a_garder\\lm-web-framework",
                "reference": "4145793ddde642f8f41ebe87def48405b78e1ced"
            },
            "type": "library",
            "autoload": {
                "psr-4": {
                    "LM\\": "classes/LM/"
                }
            },
            "time": "2017-11-27 00:33:02"
        }
    ],
    "packages-dev": [],
    "aliases": [],
    "minimum-stability": "stable",
    "stability-flags": {
        "matthewslouismarie/lm-web-framework": 20
    },
    "prefer-stable": false,
    "prefer-lowest": false,
    "platform": [],
    "platform-dev": []
}
