{
    "_readme": [
        "This file locks the dependencies of your project to a known state",
        "Read more about it at https://getcomposer.org/doc/01-basic-usage.md#composer-lock-the-lock-file",
        "This file is @generated automatically"
    ],
    "content-hash": "18f08d5d90cbb2b80543e1802161defd",
    "packages": [
        {
            "name": "matthewslouismarie/lm-web-framework",
            "version": "dev-master",
            "source": {
                "type": "git",
                "url": "C:\\Users\\louis_000\\fichiers_pas_a_garder\\lm-web-framework",
                "reference": "3907530f7f191389e25513e7eb8c3aab38ba7bd1"
            },
            "type": "library",
            "autoload": {
                "psr-4": {
                    "LM\\": "classes/LM/"
                }
            },
            "time": "2017-11-19 15:47:53"
        }
    ],
    "packages-dev": [],
    "aliases": [],
    "minimum-stability": "stable",
    "stability-flags": {
        "matthewslouismarie/lm-web-framework": 20
    },
    "prefer-stable": false,
    "prefer-lowest": false,
    "platform": [],
    "platform-dev": []
}
